
Microsoft Visual Studio Solution File, Format Version 12.00
# Visual Studio 15
VisualStudioVersion = 15.0.28307.168
MinimumVisualStudioVersion = 10.0.40219.1
Project("{FAE04EC0-301F-11D3-BF4B-00C04F79EFBC}") = "NugetUnlister", "NugetUnlister\NugetUnlister.csproj", "{1BB4C384-6D58-4A07-B6D6-9E56053C4153}"
EndProject
Global
	GlobalSection(SolutionConfigurationPlatforms) = preSolution
		Debug|Any CPU = Debug|Any CPU
		Release|Any CPU = Release|Any CPU
	EndGlobalSection
	GlobalSection(ProjectConfigurationPlatforms) = postSolution
		{1BB4C384-6D58-4A07-B6D6-9E56053C4153}.Debug|Any CPU.ActiveCfg = Debug|Any CPU
		{1BB4C384-6D58-4A07-B6D6-9E56053C4153}.Debug|Any CPU.Build.0 = Debug|Any CPU
		{1BB4C384-6D58-4A07-B6D6-9E56053C4153}.Release|Any CPU.ActiveCfg = Release|Any CPU
		{1BB4C384-6D58-4A07-B6D6-9E56053C4153}.Release|Any CPU.Build.0 = Release|Any CPU
	EndGlobalSection
	GlobalSection(SolutionProperties) = preSolution
		HideSolutionNode = FALSE
	EndGlobalSection
	GlobalSection(ExtensibilityGlobals) = postSolution
		SolutionGuid = {2C4E78CA-48D0-450F-8DCD-09A288CDBE1C}
	EndGlobalSection
EndGlobal
